// !$*UTF8*$!
{
	archiveVersion = 1;
	classes = {
	};
	objectVersion = 56;
	objects = {

/* Begin PBXBuildFile section */
		2C3BC9072C10575700190A74 /* SomeFeatureTestsApp.swift in Sources */ = {isa = PBXBuildFile; fileRef = 2C3BC9062C10575700190A74 /* SomeFeatureTestsApp.swift */; };
		2C3BC9092C10575700190A74 /* ContentView.swift in Sources */ = {isa = PBXBuildFile; fileRef = 2C3BC9082C10575700190A74 /* ContentView.swift */; };
		2C3BC90B2C10575700190A74 /* Item.swift in Sources */ = {isa = PBXBuildFile; fileRef = 2C3BC90A2C10575700190A74 /* Item.swift */; };
		2C3BC90D2C10575800190A74 /* Assets.xcassets in Resources */ = {isa = PBXBuildFile; fileRef = 2C3BC90C2C10575800190A74 /* Assets.xcassets */; };
		2C3BC9102C10575800190A74 /* Preview Assets.xcassets in Resources */ = {isa = PBXBuildFile; fileRef = 2C3BC90F2C10575800190A74 /* Preview Assets.xcassets */; };
		2C3BC91A2C10575800190A74 /* SomeFeatureTestsTests.swift in Sources */ = {isa = PBXBuildFile; fileRef = 2C3BC9192C10575800190A74 /* SomeFeatureTestsTests.swift */; };
		2C3BC9242C10575800190A74 /* SomeFeatureTestsUITests.swift in Sources */ = {isa = PBXBuildFile; fileRef = 2C3BC9232C10575800190A74 /* SomeFeatureTestsUITests.swift */; };
		2C3BC9262C10575800190A74 /* SomeFeatureTestsUITestsLaunchTests.swift in Sources */ = {isa = PBXBuildFile; fileRef = 2C3BC9252C10575800190A74 /* SomeFeatureTestsUITestsLaunchTests.swift */; };
/* End PBXBuildFile section */

/* Begin PBXContainerItemProxy section */
		2C3BC9162C10575800190A74 /* PBXContainerItemProxy */ = {
			isa = PBXContainerItemProxy;
			containerPortal = 2C3BC8FB2C10575700190A74 /* Project object */;
			proxyType = 1;
			remoteGlobalIDString = 2C3BC9022C10575700190A74;
			remoteInfo = SomeFeatureTests;
		};
		2C3BC9202C10575800190A74 /* PBXContainerItemProxy */ = {
			isa = PBXContainerItemProxy;
			containerPortal = 2C3BC8FB2C10575700190A74 /* Project object */;
			proxyType = 1;
			remoteGlobalIDString = 2C3BC9022C10575700190A74;
			remoteInfo = SomeFeatureTests;
		};
/* End PBXContainerItemProxy section */

/* Begin PBXFileReference section */
		2C3BC9032C10575700190A74 /* SomeFeatureTests.app */ = {isa = PBXFileReference; explicitFileType = wrapper.application; includeInIndex = 0; path = SomeFeatureTests.app; sourceTree = BUILT_PRODUCTS_DIR; };
		2C3BC9062C10575700190A74 /* SomeFeatureTestsApp.swift */ = {isa = PBXFileReference; lastKnownFileType = sourcecode.swift; path = SomeFeatureTestsApp.swift; sourceTree = "<group>"; };
		2C3BC9082C10575700190A74 /* ContentView.swift */ = {isa = PBXFileReference; lastKnownFileType = sourcecode.swift; path = ContentView.swift; sourceTree = "<group>"; };
		2C3BC90A2C10575700190A74 /* Item.swift */ = {isa = PBXFileReference; lastKnownFileType = sourcecode.swift; path = Item.swift; sourceTree = "<group>"; };
		2C3BC90C2C10575800190A74 /* Assets.xcassets */ = {isa = PBXFileReference; lastKnownFileType = folder.assetcatalog; path = Assets.xcassets; sourceTree = "<group>"; };
		2C3BC90F2C10575800190A74 /* Preview Assets.xcassets */ = {isa = PBXFileReference; lastKnownFileType = folder.assetcatalog; path = "Preview Assets.xcassets"; sourceTree = "<group>"; };
		2C3BC9152C10575800190A74 /* SomeFeatureTestsTests.xctest */ = {isa = PBXFileReference; explicitFileType = wrapper.cfbundle; includeInIndex = 0; path = SomeFeatureTestsTests.xctest; sourceTree = BUILT_PRODUCTS_DIR; };
		2C3BC9192C10575800190A74 /* SomeFeatureTestsTests.swift */ = {isa = PBXFileReference; lastKnownFileType = sourcecode.swift; path = SomeFeatureTestsTests.swift; sourceTree = "<group>"; };
		2C3BC91F2C10575800190A74 /* SomeFeatureTestsUITests.xctest */ = {isa = PBXFileReference; explicitFileType = wrapper.cfbundle; includeInIndex = 0; path = SomeFeatureTestsUITests.xctest; sourceTree = BUILT_PRODUCTS_DIR; };
		2C3BC9232C10575800190A74 /* SomeFeatureTestsUITests.swift */ = {isa = PBXFileReference; lastKnownFileType = sourcecode.swift; path = SomeFeatureTestsUITests.swift; sourceTree = "<group>"; };
		2C3BC9252C10575800190A74 /* SomeFeatureTestsUITestsLaunchTests.swift */ = {isa = PBXFileReference; lastKnownFileType = sourcecode.swift; path = SomeFeatureTestsUITestsLaunchTests.swift; sourceTree = "<group>"; };
/* End PBXFileReference section */

/* Begin PBXFrameworksBuildPhase section */
		2C3BC9002C10575700190A74 /* Frameworks */ = {
			isa = PBXFrameworksBuildPhase;
			buildActionMask = 2147483647;
			files = (
			);
			runOnlyForDeploymentPostprocessing = 0;
		};
		2C3BC9122C10575800190A74 /* Frameworks */ = {
			isa = PBXFrameworksBuildPhase;
			buildActionMask = 2147483647;
			files = (
			);
			runOnlyForDeploymentPostprocessing = 0;
		};
		2C3BC91C2C10575800190A74 /* Frameworks */ = {
			isa = PBXFrameworksBuildPhase;
			buildActionMask = 2147483647;
			files = (
			);
			runOnlyForDeploymentPostprocessing = 0;
		};
/* End PBXFrameworksBuildPhase section */

/* Begin PBXGroup section */
		2C3BC8FA2C10575700190A74 = {
			isa = PBXGroup;
			children = (
				2C3BC9052C10575700190A74 /* SomeFeatureTests */,
				2C3BC9182C10575800190A74 /* SomeFeatureTestsTests */,
				2C3BC9222C10575800190A74 /* SomeFeatureTestsUITests */,
				2C3BC9042C10575700190A74 /* Products */,
			);
			sourceTree = "<group>";
		};
		2C3BC9042C10575700190A74 /* Products */ = {
			isa = PBXGroup;
			children = (
				2C3BC9032C10575700190A74 /* SomeFeatureTests.app */,
				2C3BC9152C10575800190A74 /* SomeFeatureTestsTests.xctest */,
				2C3BC91F2C10575800190A74 /* SomeFeatureTestsUITests.xctest */,
			);
			name = Products;
			sourceTree = "<group>";
		};
		2C3BC9052C10575700190A74 /* SomeFeatureTests */ = {
			isa = PBXGroup;
			children = (
				2C3BC9062C10575700190A74 /* SomeFeatureTestsApp.swift */,
				2C3BC9082C10575700190A74 /* ContentView.swift */,
				2C3BC90A2C10575700190A74 /* Item.swift */,
				2C3BC90C2C10575800190A74 /* Assets.xcassets */,
				2C3BC90E2C10575800190A74 /* Preview Content */,
			);
			path = SomeFeatureTests;
			sourceTree = "<group>";
		};
		2C3BC90E2C10575800190A74 /* Preview Content */ = {
			isa = PBXGroup;
			children = (
				2C3BC90F2C10575800190A74 /* Preview Assets.xcassets */,
			);
			path = "Preview Content";
			sourceTree = "<group>";
		};
		2C3BC9182C10575800190A74 /* SomeFeatureTestsTests */ = {
			isa = PBXGroup;
			children = (
				2C3BC9192C10575800190A74 /* SomeFeatureTestsTests.swift */,
			);
			path = SomeFeatureTestsTests;
			sourceTree = "<group>";
		};
		2C3BC9222C10575800190A74 /* SomeFeatureTestsUITests */ = {
			isa = PBXGroup;
			children = (
				2C3BC9232C10575800190A74 /* SomeFeatureTestsUITests.swift */,
				2C3BC9252C10575800190A74 /* SomeFeatureTestsUITestsLaunchTests.swift */,
			);
			path = SomeFeatureTestsUITests;
			sourceTree = "<group>";
		};
/* End PBXGroup section */

/* Begin PBXNativeTarget section */
		2C3BC9022C10575700190A74 /* SomeFeatureTests */ = {
			isa = PBXNativeTarget;
			buildConfigurationList = 2C3BC9292C10575800190A74 /* Build configuration list for PBXNativeTarget "SomeFeatureTests" */;
			buildPhases = (
				2C3BC8FF2C10575700190A74 /* Sources */,
				2C3BC9002C10575700190A74 /* Frameworks */,
				2C3BC9012C10575700190A74 /* Resources */,
			);
			buildRules = (
			);
			dependencies = (
			);
			name = SomeFeatureTests;
			productName = SomeFeatureTests;
			productReference = 2C3BC9032C10575700190A74 /* SomeFeatureTests.app */;
			productType = "com.apple.product-type.application";
		};
		2C3BC9142C10575800190A74 /* SomeFeatureTestsTests */ = {
			isa = PBXNativeTarget;
			buildConfigurationList = 2C3BC92C2C10575800190A74 /* Build configuration list for PBXNativeTarget "SomeFeatureTestsTests" */;
			buildPhases = (
				2C3BC9112C10575800190A74 /* Sources */,
				2C3BC9122C10575800190A74 /* Frameworks */,
				2C3BC9132C10575800190A74 /* Resources */,
			);
			buildRules = (
			);
			dependencies = (
				2C3BC9172C10575800190A74 /* PBXTargetDependency */,
			);
			name = SomeFeatureTestsTests;
			productName = SomeFeatureTestsTests;
			productReference = 2C3BC9152C10575800190A74 /* SomeFeatureTestsTests.xctest */;
			productType = "com.apple.product-type.bundle.unit-test";
		};
		2C3BC91E2C10575800190A74 /* SomeFeatureTestsUITests */ = {
			isa = PBXNativeTarget;
			buildConfigurationList = 2C3BC92F2C10575800190A74 /* Build configuration list for PBXNativeTarget "SomeFeatureTestsUITests" */;
			buildPhases = (
				2C3BC91B2C10575800190A74 /* Sources */,
				2C3BC91C2C10575800190A74 /* Frameworks */,
				2C3BC91D2C10575800190A74 /* Resources */,
			);
			buildRules = (
			);
			dependencies = (
				2C3BC9212C10575800190A74 /* PBXTargetDependency */,
			);
			name = SomeFeatureTestsUITests;
			productName = SomeFeatureTestsUITests;
			productReference = 2C3BC91F2C10575800190A74 /* SomeFeatureTestsUITests.xctest */;
			productType = "com.apple.product-type.bundle.ui-testing";
		};
/* End PBXNativeTarget section */

/* Begin PBXProject section */
		2C3BC8FB2C10575700190A74 /* Project object */ = {
			isa = PBXProject;
			attributes = {
				BuildIndependentTargetsInParallel = 1;
				LastSwiftUpdateCheck = 1530;
				LastUpgradeCheck = 1530;
				TargetAttributes = {
					2C3BC9022C10575700190A74 = {
						CreatedOnToolsVersion = 15.3;
					};
					2C3BC9142C10575800190A74 = {
						CreatedOnToolsVersion = 15.3;
						TestTargetID = 2C3BC9022C10575700190A74;
					};
					2C3BC91E2C10575800190A74 = {
						CreatedOnToolsVersion = 15.3;
						TestTargetID = 2C3BC9022C10575700190A74;
					};
				};
			};
			buildConfigurationList = 2C3BC8FE2C10575700190A74 /* Build configuration list for PBXProject "SomeFeatureTests" */;
			compatibilityVersion = "Xcode 14.0";
			developmentRegion = en;
			hasScannedForEncodings = 0;
			knownRegions = (
				en,
				Base,
			);
			mainGroup = 2C3BC8FA2C10575700190A74;
			productRefGroup = 2C3BC9042C10575700190A74 /* Products */;
			projectDirPath = "";
			projectRoot = "";
			targets = (
				2C3BC9022C10575700190A74 /* SomeFeatureTests */,
				2C3BC9142C10575800190A74 /* SomeFeatureTestsTests */,
				2C3BC91E2C10575800190A74 /* SomeFeatureTestsUITests */,
			);
		};
/* End PBXProject section */

/* Begin PBXResourcesBuildPhase section */
		2C3BC9012C10575700190A74 /* Resources */ = {
			isa = PBXResourcesBuildPhase;
			buildActionMask = 2147483647;
			files = (
				2C3BC9102C10575800190A74 /* Preview Assets.xcassets in Resources */,
				2C3BC90D2C10575800190A74 /* Assets.xcassets in Resources */,
			);
			runOnlyForDeploymentPostprocessing = 0;
		};
		2C3BC9132C10575800190A74 /* Resources */ = {
			isa = PBXResourcesBuildPhase;
			buildActionMask = 2147483647;
			files = (
			);
			runOnlyForDeploymentPostprocessing = 0;
		};
		2C3BC91D2C10575800190A74 /* Resources */ = {
			isa = PBXResourcesBuildPhase;
			buildActionMask = 2147483647;
			files = (
			);
			runOnlyForDeploymentPostprocessing = 0;
		};
/* End PBXResourcesBuildPhase section */

/* Begin PBXSourcesBuildPhase section */
		2C3BC8FF2C10575700190A74 /* Sources */ = {
			isa = PBXSourcesBuildPhase;
			buildActionMask = 2147483647;
			files = (
				2C3BC9092C10575700190A74 /* ContentView.swift in Sources */,
				2C3BC90B2C10575700190A74 /* Item.swift in Sources */,
				2C3BC9072C10575700190A74 /* SomeFeatureTestsApp.swift in Sources */,
			);
			runOnlyForDeploymentPostprocessing = 0;
		};
		2C3BC9112C10575800190A74 /* Sources */ = {
			isa = PBXSourcesBuildPhase;
			buildActionMask = 2147483647;
			files = (
				2C3BC91A2C10575800190A74 /* SomeFeatureTestsTests.swift in Sources */,
			);
			runOnlyForDeploymentPostprocessing = 0;
		};
		2C3BC91B2C10575800190A74 /* Sources */ = {
			isa = PBXSourcesBuildPhase;
			buildActionMask = 2147483647;
			files = (
				2C3BC9242C10575800190A74 /* SomeFeatureTestsUITests.swift in Sources */,
				2C3BC9262C10575800190A74 /* SomeFeatureTestsUITestsLaunchTests.swift in Sources */,
			);
			runOnlyForDeploymentPostprocessing = 0;
		};
/* End PBXSourcesBuildPhase section */

/* Begin PBXTargetDependency section */
		2C3BC9172C10575800190A74 /* PBXTargetDependency */ = {
			isa = PBXTargetDependency;
			target = 2C3BC9022C10575700190A74 /* SomeFeatureTests */;
			targetProxy = 2C3BC9162C10575800190A74 /* PBXContainerItemProxy */;
		};
		2C3BC9212C10575800190A74 /* PBXTargetDependency */ = {
			isa = PBXTargetDependency;
			target = 2C3BC9022C10575700190A74 /* SomeFeatureTests */;
			targetProxy = 2C3BC9202C10575800190A74 /* PBXContainerItemProxy */;
		};
/* End PBXTargetDependency section */

/* Begin XCBuildConfiguration section */
		2C3BC9272C10575800190A74 /* Debug */ = {
			isa = XCBuildConfiguration;
			buildSettings = {
				ALWAYS_SEARCH_USER_PATHS = NO;
				ASSETCATALOG_COMPILER_GENERATE_SWIFT_ASSET_SYMBOL_EXTENSIONS = YES;
				CLANG_ANALYZER_NONNULL = YES;
				CLANG_ANALYZER_NUMBER_OBJECT_CONVERSION = YES_AGGRESSIVE;
				CLANG_CXX_LANGUAGE_STANDARD = "gnu++20";
				CLANG_ENABLE_MODULES = YES;
				CLANG_ENABLE_OBJC_ARC = YES;
				CLANG_ENABLE_OBJC_WEAK = YES;
				CLANG_WARN_BLOCK_CAPTURE_AUTORELEASING = YES;
				CLANG_WARN_BOOL_CONVERSION = YES;
				CLANG_WARN_COMMA = YES;
				CLANG_WARN_CONSTANT_CONVERSION = YES;
				CLANG_WARN_DEPRECATED_OBJC_IMPLEMENTATIONS = YES;
				CLANG_WARN_DIRECT_OBJC_ISA_USAGE = YES_ERROR;
				CLANG_WARN_DOCUMENTATION_COMMENTS = YES;
				CLANG_WARN_EMPTY_BODY = YES;
				CLANG_WARN_ENUM_CONVERSION = YES;
				CLANG_WARN_INFINITE_RECURSION = YES;
				CLANG_WARN_INT_CONVERSION = YES;
				CLANG_WARN_NON_LITERAL_NULL_CONVERSION = YES;
				CLANG_WARN_OBJC_IMPLICIT_RETAIN_SELF = YES;
				CLANG_WARN_OBJC_LITERAL_CONVERSION = YES;
				CLANG_WARN_OBJC_ROOT_CLASS = YES_ERROR;
				CLANG_WARN_QUOTED_INCLUDE_IN_FRAMEWORK_HEADER = YES;
				CLANG_WARN_RANGE_LOOP_ANALYSIS = YES;
				CLANG_WARN_STRICT_PROTOTYPES = YES;
				CLANG_WARN_SUSPICIOUS_MOVE = YES;
				CLANG_WARN_UNGUARDED_AVAILABILITY = YES_AGGRESSIVE;
				CLANG_WARN_UNREACHABLE_CODE = YES;
				CLANG_WARN__DUPLICATE_METHOD_MATCH = YES;
				COPY_PHASE_STRIP = NO;
				DEBUG_INFORMATION_FORMAT = dwarf;
				ENABLE_STRICT_OBJC_MSGSEND = YES;
				ENABLE_TESTABILITY = YES;
				ENABLE_USER_SCRIPT_SANDBOXING = YES;
				GCC_C_LANGUAGE_STANDARD = gnu17;
				GCC_DYNAMIC_NO_PIC = NO;
				GCC_NO_COMMON_BLOCKS = YES;
				GCC_OPTIMIZATION_LEVEL = 0;
				GCC_PREPROCESSOR_DEFINITIONS = (
					"DEBUG=1",
					"$(inherited)",
				);
				GCC_WARN_64_TO_32_BIT_CONVERSION = YES;
				GCC_WARN_ABOUT_RETURN_TYPE = YES_ERROR;
				GCC_WARN_UNDECLARED_SELECTOR = YES;
				GCC_WARN_UNINITIALIZED_AUTOS = YES_AGGRESSIVE;
				GCC_WARN_UNUSED_FUNCTION = YES;
				GCC_WARN_UNUSED_VARIABLE = YES;
				IPHONEOS_DEPLOYMENT_TARGET = 17.4;
				LOCALIZATION_PREFERS_STRING_CATALOGS = YES;
				MTL_ENABLE_DEBUG_INFO = INCLUDE_SOURCE;
				MTL_FAST_MATH = YES;
				ONLY_ACTIVE_ARCH = YES;
				SDKROOT = iphoneos;
				SWIFT_ACTIVE_COMPILATION_CONDITIONS = "DEBUG $(inherited)";
				SWIFT_OPTIMIZATION_LEVEL = "-Onone";
			};
			name = Debug;
		};
		2C3BC9282C10575800190A74 /* Release */ = {
			isa = XCBuildConfiguration;
			buildSettings = {
				ALWAYS_SEARCH_USER_PATHS = NO;
				ASSETCATALOG_COMPILER_GENERATE_SWIFT_ASSET_SYMBOL_EXTENSIONS = YES;
				CLANG_ANALYZER_NONNULL = YES;
				CLANG_ANALYZER_NUMBER_OBJECT_CONVERSION = YES_AGGRESSIVE;
				CLANG_CXX_LANGUAGE_STANDARD = "gnu++20";
				CLANG_ENABLE_MODULES = YES;
				CLANG_ENABLE_OBJC_ARC = YES;
				CLANG_ENABLE_OBJC_WEAK = YES;
				CLANG_WARN_BLOCK_CAPTURE_AUTORELEASING = YES;
				CLANG_WARN_BOOL_CONVERSION = YES;
				CLANG_WARN_COMMA = YES;
				CLANG_WARN_CONSTANT_CONVERSION = YES;
				CLANG_WARN_DEPRECATED_OBJC_IMPLEMENTATIONS = YES;
				CLANG_WARN_DIRECT_OBJC_ISA_USAGE = YES_ERROR;
				CLANG_WARN_DOCUMENTATION_COMMENTS = YES;
				CLANG_WARN_EMPTY_BODY = YES;
				CLANG_WARN_ENUM_CONVERSION = YES;
				CLANG_WARN_INFINITE_RECURSION = YES;
				CLANG_WARN_INT_CONVERSION = YES;
				CLANG_WARN_NON_LITERAL_NULL_CONVERSION = YES;
				CLANG_WARN_OBJC_IMPLICIT_RETAIN_SELF = YES;
				CLANG_WARN_OBJC_LITERAL_CONVERSION = YES;
				CLANG_WARN_OBJC_ROOT_CLASS = YES_ERROR;
				CLANG_WARN_QUOTED_INCLUDE_IN_FRAMEWORK_HEADER = YES;
				CLANG_WARN_RANGE_LOOP_ANALYSIS = YES;
				CLANG_WARN_STRICT_PROTOTYPES = YES;
				CLANG_WARN_SUSPICIOUS_MOVE = YES;
				CLANG_WARN_UNGUARDED_AVAILABILITY = YES_AGGRESSIVE;
				CLANG_WARN_UNREACHABLE_CODE = YES;
				CLANG_WARN__DUPLICATE_METHOD_MATCH = YES;
				COPY_PHASE_STRIP = NO;
				DEBUG_INFORMATION_FORMAT = "dwarf-with-dsym";
				ENABLE_NS_ASSERTIONS = NO;
				ENABLE_STRICT_OBJC_MSGSEND = YES;
				ENABLE_USER_SCRIPT_SANDBOXING = YES;
				GCC_C_LANGUAGE_STANDARD = gnu17;
				GCC_NO_COMMON_BLOCKS = YES;
				GCC_WARN_64_TO_32_BIT_CONVERSION = YES;
				GCC_WARN_ABOUT_RETURN_TYPE = YES_ERROR;
				GCC_WARN_UNDECLARED_SELECTOR = YES;
				GCC_WARN_UNINITIALIZED_AUTOS = YES_AGGRESSIVE;
				GCC_WARN_UNUSED_FUNCTION = YES;
				GCC_WARN_UNUSED_VARIABLE = YES;
				IPHONEOS_DEPLOYMENT_TARGET = 17.4;
				LOCALIZATION_PREFERS_STRING_CATALOGS = YES;
				MTL_ENABLE_DEBUG_INFO = NO;
				MTL_FAST_MATH = YES;
				SDKROOT = iphoneos;
				SWIFT_COMPILATION_MODE = wholemodule;
				VALIDATE_PRODUCT = YES;
			};
			name = Release;
		};
		2C3BC92A2C10575800190A74 /* Debug */ = {
			isa = XCBuildConfiguration;
			buildSettings = {
				ASSETCATALOG_COMPILER_APPICON_NAME = AppIcon;
				ASSETCATALOG_COMPILER_GLOBAL_ACCENT_COLOR_NAME = AccentColor;
				CODE_SIGN_STYLE = Automatic;
				CURRENT_PROJECT_VERSION = 1;
				DEVELOPMENT_ASSET_PATHS = "\"SomeFeatureTests/Preview Content\"";
				DEVELOPMENT_TEAM = TL7WFW3VNZ;
				ENABLE_PREVIEWS = YES;
				GENERATE_INFOPLIST_FILE = YES;
				INFOPLIST_KEY_UIApplicationSceneManifest_Generation = YES;
				INFOPLIST_KEY_UIApplicationSupportsIndirectInputEvents = YES;
				INFOPLIST_KEY_UILaunchScreen_Generation = YES;
				INFOPLIST_KEY_UISupportedInterfaceOrientations_iPad = "UIInterfaceOrientationPortrait UIInterfaceOrientationPortraitUpsideDown UIInterfaceOrientationLandscapeLeft UIInterfaceOrientationLandscapeRight";
				INFOPLIST_KEY_UISupportedInterfaceOrientations_iPhone = "UIInterfaceOrientationPortrait UIInterfaceOrientationLandscapeLeft UIInterfaceOrientationLandscapeRight";
				LD_RUNPATH_SEARCH_PATHS = (
					"$(inherited)",
					"@executable_path/Frameworks",
				);
				MARKETING_VERSION = 1.0;
				PRODUCT_BUNDLE_IDENTIFIER = mohtanksifa.SomeFeatureTests;
				PRODUCT_NAME = "$(TARGET_NAME)";
				SWIFT_EMIT_LOC_STRINGS = YES;
				SWIFT_VERSION = 5.0;
				TARGETED_DEVICE_FAMILY = "1,2";
			};
			name = Debug;
		};
		2C3BC92B2C10575800190A74 /* Release */ = {
			isa = XCBuildConfiguration;
			buildSettings = {
				ASSETCATALOG_COMPILER_APPICON_NAME = AppIcon;
				ASSETCATALOG_COMPILER_GLOBAL_ACCENT_COLOR_NAME = AccentColor;
				CODE_SIGN_STYLE = Automatic;
				CURRENT_PROJECT_VERSION = 1;
				DEVELOPMENT_ASSET_PATHS = "\"SomeFeatureTests/Preview Content\"";
				DEVELOPMENT_TEAM = TL7WFW3VNZ;
				ENABLE_PREVIEWS = YES;
				GENERATE_INFOPLIST_FILE = YES;
				INFOPLIST_KEY_UIApplicationSceneManifest_Generation = YES;
				INFOPLIST_KEY_UIApplicationSupportsIndirectInputEvents = YES;
				INFOPLIST_KEY_UILaunchScreen_Generation = YES;
				INFOPLIST_KEY_UISupportedInterfaceOrientations_iPad = "UIInterfaceOrientationPortrait UIInterfaceOrientationPortraitUpsideDown UIInterfaceOrientationLandscapeLeft UIInterfaceOrientationLandscapeRight";
				INFOPLIST_KEY_UISupportedInterfaceOrientations_iPhone = "UIInterfaceOrientationPortrait UIInterfaceOrientationLandscapeLeft UIInterfaceOrientationLandscapeRight";
				LD_RUNPATH_SEARCH_PATHS = (
					"$(inherited)",
					"@executable_path/Frameworks",
				);
				MARKETING_VERSION = 1.0;
				PRODUCT_BUNDLE_IDENTIFIER = mohtanksifa.SomeFeatureTests;
				PRODUCT_NAME = "$(TARGET_NAME)";
				SWIFT_EMIT_LOC_STRINGS = YES;
				SWIFT_VERSION = 5.0;
				TARGETED_DEVICE_FAMILY = "1,2";
			};
			name = Release;
		};
		2C3BC92D2C10575800190A74 /* Debug */ = {
			isa = XCBuildConfiguration;
			buildSettings = {
				ALWAYS_EMBED_SWIFT_STANDARD_LIBRARIES = YES;
				BUNDLE_LOADER = "$(TEST_HOST)";
				CODE_SIGN_STYLE = Automatic;
				CURRENT_PROJECT_VERSION = 1;
				DEVELOPMENT_TEAM = TL7WFW3VNZ;
				GENERATE_INFOPLIST_FILE = YES;
				IPHONEOS_DEPLOYMENT_TARGET = 17.4;
				MARKETING_VERSION = 1.0;
				PRODUCT_BUNDLE_IDENTIFIER = mohtanksifa.SomeFeatureTestsTests;
				PRODUCT_NAME = "$(TARGET_NAME)";
				SWIFT_EMIT_LOC_STRINGS = NO;
				SWIFT_VERSION = 5.0;
				TARGETED_DEVICE_FAMILY = "1,2";
				TEST_HOST = "$(BUILT_PRODUCTS_DIR)/SomeFeatureTests.app/$(BUNDLE_EXECUTABLE_FOLDER_PATH)/SomeFeatureTests";
			};
			name = Debug;
		};
		2C3BC92E2C10575800190A74 /* Release */ = {
			isa = XCBuildConfiguration;
			buildSettings = {
				ALWAYS_EMBED_SWIFT_STANDARD_LIBRARIES = YES;
				BUNDLE_LOADER = "$(TEST_HOST)";
				CODE_SIGN_STYLE = Automatic;
				CURRENT_PROJECT_VERSION = 1;
				DEVELOPMENT_TEAM = TL7WFW3VNZ;
				GENERATE_INFOPLIST_FILE = YES;
				IPHONEOS_DEPLOYMENT_TARGET = 17.4;
				MARKETING_VERSION = 1.0;
				PRODUCT_BUNDLE_IDENTIFIER = mohtanksifa.SomeFeatureTestsTests;
				PRODUCT_NAME = "$(TARGET_NAME)";
				SWIFT_EMIT_LOC_STRINGS = NO;
				SWIFT_VERSION = 5.0;
				TARGETED_DEVICE_FAMILY = "1,2";
				TEST_HOST = "$(BUILT_PRODUCTS_DIR)/SomeFeatureTests.app/$(BUNDLE_EXECUTABLE_FOLDER_PATH)/SomeFeatureTests";
			};
			name = Release;
		};
		2C3BC9302C10575800190A74 /* Debug */ = {
			isa = XCBuildConfiguration;
			buildSettings = {
				ALWAYS_EMBED_SWIFT_STANDARD_LIBRARIES = YES;
				CODE_SIGN_STYLE = Automatic;
				CURRENT_PROJECT_VERSION = 1;
				DEVELOPMENT_TEAM = TL7WFW3VNZ;
				GENERATE_INFOPLIST_FILE = YES;
				MARKETING_VERSION = 1.0;
				PRODUCT_BUNDLE_IDENTIFIER = mohtanksifa.SomeFeatureTestsUITests;
				PRODUCT_NAME = "$(TARGET_NAME)";
				SWIFT_EMIT_LOC_STRINGS = NO;
				SWIFT_VERSION = 5.0;
				TARGETED_DEVICE_FAMILY = "1,2";
				TEST_TARGET_NAME = SomeFeatureTests;
			};
			name = Debug;
		};
		2C3BC9312C10575800190A74 /* Release */ = {
			isa = XCBuildConfiguration;
			buildSettings = {
				ALWAYS_EMBED_SWIFT_STANDARD_LIBRARIES = YES;
				CODE_SIGN_STYLE = Automatic;
				CURRENT_PROJECT_VERSION = 1;
				DEVELOPMENT_TEAM = TL7WFW3VNZ;
				GENERATE_INFOPLIST_FILE = YES;
				MARKETING_VERSION = 1.0;
				PRODUCT_BUNDLE_IDENTIFIER = mohtanksifa.SomeFeatureTestsUITests;
				PRODUCT_NAME = "$(TARGET_NAME)";
				SWIFT_EMIT_LOC_STRINGS = NO;
				SWIFT_VERSION = 5.0;
				TARGETED_DEVICE_FAMILY = "1,2";
				TEST_TARGET_NAME = SomeFeatureTests;
			};
			name = Release;
		};
/* End XCBuildConfiguration section */

/* Begin XCConfigurationList section */
		2C3BC8FE2C10575700190A74 /* Build configuration list for PBXProject "SomeFeatureTests" */ = {
			isa = XCConfigurationList;
			buildConfigurations = (
				2C3BC9272C10575800190A74 /* Debug */,
				2C3BC9282C10575800190A74 /* Release */,
			);
			defaultConfigurationIsVisible = 0;
			defaultConfigurationName = Release;
		};
		2C3BC9292C10575800190A74 /* Build configuration list for PBXNativeTarget "SomeFeatureTests" */ = {
			isa = XCConfigurationList;
			buildConfigurations = (
				2C3BC92A2C10575800190A74 /* Debug */,
				2C3BC92B2C10575800190A74 /* Release */,
			);
			defaultConfigurationIsVisible = 0;
			defaultConfigurationName = Release;
		};
		2C3BC92C2C10575800190A74 /* Build configuration list for PBXNativeTarget "SomeFeatureTestsTests" */ = {
			isa = XCConfigurationList;
			buildConfigurations = (
				2C3BC92D2C10575800190A74 /* Debug */,
				2C3BC92E2C10575800190A74 /* Release */,
			);
			defaultConfigurationIsVisible = 0;
			defaultConfigurationName = Release;
		};
		2C3BC92F2C10575800190A74 /* Build configuration list for PBXNativeTarget "SomeFeatureTestsUITests" */ = {
			isa = XCConfigurationList;
			buildConfigurations = (
				2C3BC9302C10575800190A74 /* Debug */,
				2C3BC9312C10575800190A74 /* Release */,
			);
			defaultConfigurationIsVisible = 0;
			defaultConfigurationName = Release;
		};
/* End XCConfigurationList section */
	};
	rootObject = 2C3BC8FB2C10575700190A74 /* Project object */;
}
